// !$*UTF8*$!
{
	archiveVersion = 1;
	classes = {
	};
	objectVersion = 46;
	objects = {

/* Begin PBXBuildFile section */
		E5D6E21D158DD754007F1747 /* main.c in Sources */ = {isa = PBXBuildFile; fileRef = E5D6E21C158DD754007F1747 /* main.c */; };
		E5D6E21F158DD754007F1747 /* hello_world.1 in CopyFiles */ = {isa = PBXBuildFile; fileRef = E5D6E21E158DD754007F1747 /* hello_world.1 */; };
/* End PBXBuildFile section */

/* Begin PBXCopyFilesBuildPhase section */
		E5D6E216158DD754007F1747 /* CopyFiles */ = {
			isa = PBXCopyFilesBuildPhase;
			buildActionMask = 2147483647;
			dstPath = /usr/share/man/man1/;
			dstSubfolderSpec = 0;
			files = (
				E5D6E21F158DD754007F1747 /* hello_world.1 in CopyFiles */,
			);
			runOnlyForDeploymentPostprocessing = 1;
		};
/* End PBXCopyFilesBuildPhase section */

/* Begin PBXFileReference section */
		E5D6E218158DD754007F1747 /* hello world */ = {isa = PBXFileReference; explicitFileType = "compiled.mach-o.executable"; includeInIndex = 0; path = "hello world"; sourceTree = BUILT_PRODUCTS_DIR; };
		E5D6E21C158DD754007F1747 /* main.c */ = {isa = PBXFileReference; lastKnownFileType = sourcecode.c.c; path = main.c; sourceTree = "<group>"; };
		E5D6E21E158DD754007F1747 /* hello_world.1 */ = {isa = PBXFileReference; lastKnownFileType = text.man; path = hello_world.1; sourceTree = "<group>"; };
/* End PBXFileReference section */

/* Begin PBXFrameworksBuildPhase section */
		E5D6E215158DD754007F1747 /* Frameworks */ = {
			isa = PBXFrameworksBuildPhase;
			buildActionMask = 2147483647;
			files = (
			);
			runOnlyForDeploymentPostprocessing = 0;
		};
/* End PBXFrameworksBuildPhase section */

/* Begin PBXGroup section */
		E5D6E20D158DD753007F1747 = {
			isa = PBXGroup;
			children = (
				E5D6E21B158DD754007F1747 /* hello world */,
				E5D6E219158DD754007F1747 /* Products */,
			);
			sourceTree = "<group>";
		};
		E5D6E219158DD754007F1747 /* Products */ = {
			isa = PBXGroup;
			children = (
				E5D6E218158DD754007F1747 /* hello world */,
			);
			name = Products;
			sourceTree = "<group>";
		};
		E5D6E21B158DD754007F1747 /* hello world */ = {
			isa = PBXGroup;
			children = (
				E5D6E21C158DD754007F1747 /* main.c */,
				E5D6E21E158DD754007F1747 /* hello_world.1 */,
			);
			path = "hello world";
			sourceTree = "<group>";
		};
/* End PBXGroup section */

/* Begin PBXNativeTarget section */
		E5D6E217158DD754007F1747 /* hello world */ = {
			isa = PBXNativeTarget;
			buildConfigurationList = E5D6E222158DD754007F1747 /* Build configuration list for PBXNativeTarget "hello world" */;
			buildPhases = (
				E5D6E214158DD754007F1747 /* Sources */,
				E5D6E215158DD754007F1747 /* Frameworks */,
				E5D6E216158DD754007F1747 /* CopyFiles */,
			);
			buildRules = (
			);
			dependencies = (
			);
			name = "hello world";
			productName = "hello world";
			productReference = E5D6E218158DD754007F1747 /* hello world */;
			productType = "com.apple.product-type.tool";
		};
/* End PBXNativeTarget section */

/* Begin PBXProject section */
		E5D6E20F158DD753007F1747 /* Project object */ = {
			isa = PBXProject;
			attributes = {
				LastUpgradeCheck = 0430;
			};
			buildConfigurationList = E5D6E212158DD753007F1747 /* Build configuration list for PBXProject "hello world" */;
			compatibilityVersion = "Xcode 3.2";
			developmentRegion = English;
			hasScannedForEncodings = 0;
			knownRegions = (
				en,
			);
			mainGroup = E5D6E20D158DD753007F1747;
			productRefGroup = E5D6E219158DD754007F1747 /* Products */;
			projectDirPath = "";
			projectRoot = "";
			targets = (
				E5D6E217158DD754007F1747 /* hello world */,
			);
		};
/* End PBXProject section */

/* Begin PBXSourcesBuildPhase section */
		E5D6E214158DD754007F1747 /* Sources */ = {
			isa = PBXSourcesBuildPhase;
			buildActionMask = 2147483647;
			files = (
				E5D6E21D158DD754007F1747 /* main.c in Sources */,
			);
			runOnlyForDeploymentPostprocessing = 0;
		};
/* End PBXSourcesBuildPhase section */

/* Begin XCBuildConfiguration section */
		E5D6E220158DD754007F1747 /* Debug */ = {
			isa = XCBuildConfiguration;
			buildSettings = {
				ALWAYS_SEARCH_USER_PATHS = NO;
				ARCHS = "$(ARCHS_STANDARD_64_BIT)";
				COPY_PHASE_STRIP = NO;
				GCC_C_LANGUAGE_STANDARD = gnu99;
				GCC_DYNAMIC_NO_PIC = NO;
				GCC_ENABLE_OBJC_EXCEPTIONS = YES;
				GCC_OPTIMIZATION_LEVEL = 0;
				GCC_PREPROCESSOR_DEFINITIONS = (
					"DEBUG=1",
					"$(inherited)",
				);
				GCC_SYMBOLS_PRIVATE_EXTERN = NO;
				GCC_VERSION = com.apple.compilers.llvm.clang.1_0;
				GCC_WARN_64_TO_32_BIT_CONVERSION = YES;
				GCC_WARN_ABOUT_RETURN_TYPE = YES;
				GCC_WARN_UNINITIALIZED_AUTOS = YES;
				GCC_WARN_UNUSED_VARIABLE = YES;
				MACOSX_DEPLOYMENT_TARGET = 10.7;
				ONLY_ACTIVE_ARCH = YES;
				SDKROOT = macosx;
			};
			name = Debug;
		};
		E5D6E221158DD754007F1747 /* Release */ = {
			isa = XCBuildConfiguration;
			buildSettings = {
				ALWAYS_SEARCH_USER_PATHS = NO;
				ARCHS = "$(ARCHS_STANDARD_64_BIT)";
				COPY_PHASE_STRIP = YES;
				DEBUG_INFORMATION_FORMAT = "dwarf-with-dsym";
				GCC_C_LANGUAGE_STANDARD = gnu99;
				GCC_ENABLE_OBJC_EXCEPTIONS = YES;
				GCC_VERSION = com.apple.compilers.llvm.clang.1_0;
				GCC_WARN_64_TO_32_BIT_CONVERSION = YES;
				GCC_WARN_ABOUT_RETURN_TYPE = YES;
				GCC_WARN_UNINITIALIZED_AUTOS = YES;
				GCC_WARN_UNUSED_VARIABLE = YES;
				MACOSX_DEPLOYMENT_TARGET = 10.7;
				SDKROOT = macosx;
			};
			name = Release;
		};
		E5D6E223158DD754007F1747 /* Debug */ = {
			isa = XCBuildConfiguration;
			buildSettings = {
				PRODUCT_NAME = "$(TARGET_NAME)";
			};
			name = Debug;
		};
		E5D6E224158DD754007F1747 /* Release */ = {
			isa = XCBuildConfiguration;
			buildSettings = {
				PRODUCT_NAME = "$(TARGET_NAME)";
			};
			name = Release;
		};
/* End XCBuildConfiguration section */

/* Begin XCConfigurationList section */
		E5D6E212158DD753007F1747 /* Build configuration list for PBXProject "hello world" */ = {
			isa = XCConfigurationList;
			buildConfigurations = (
				E5D6E220158DD754007F1747 /* Debug */,
				E5D6E221158DD754007F1747 /* Release */,
			);
			defaultConfigurationIsVisible = 0;
			defaultConfigurationName = Release;
		};
		E5D6E222158DD754007F1747 /* Build configuration list for PBXNativeTarget "hello world" */ = {
			isa = XCConfigurationList;
			buildConfigurations = (
				E5D6E223158DD754007F1747 /* Debug */,
				E5D6E224158DD754007F1747 /* Release */,
			);
			defaultConfigurationIsVisible = 0;
		};
/* End XCConfigurationList section */
	};
	rootObject = E5D6E20F158DD753007F1747 /* Project object */;
}
